
Microsoft Visual Studio Solution File, Format Version 12.00
# Visual Studio Version 17
VisualStudioVersion = 17.5.002.0
MinimumVisualStudioVersion = 10.0.40219.1
Project("{9A19103F-16F7-4668-BE54-9A1E7A4F7556}") = "LogMonitor", "LogMonitor.csproj", "{207B7E64-F26B-440D-9636-E93E601B200D}"
EndProject
Global
	GlobalSection(SolutionConfigurationPlatforms) = preSolution
		Debug|Any CPU = Debug|Any CPU
		Release|Any CPU = Release|Any CPU
	EndGlobalSection
	GlobalSection(ProjectConfigurationPlatforms) = postSolution
		{207B7E64-F26B-440D-9636-E93E601B200D}.Debug|Any CPU.ActiveCfg = Debug|Any CPU
		{207B7E64-F26B-440D-9636-E93E601B200D}.Debug|Any CPU.Build.0 = Debug|Any CPU
		{207B7E64-F26B-440D-9636-E93E601B200D}.Release|Any CPU.ActiveCfg = Release|Any CPU
		{207B7E64-F26B-440D-9636-E93E601B200D}.Release|Any CPU.Build.0 = Release|Any CPU
	EndGlobalSection
	GlobalSection(SolutionProperties) = preSolution
		HideSolutionNode = FALSE
	EndGlobalSection
	GlobalSection(ExtensibilityGlobals) = postSolution
		SolutionGuid = {BBAF7258-BD2A-438F-9971-085E8DE34252}
	EndGlobalSection
EndGlobal
